// !$*UTF8*$!
{
	archiveVersion = 1;
	classes = {
	};
	objectVersion = 50;
	objects = {

/* Begin PBXBuildFile section */
		741F769D210C030B0058BE77 /* AppDelegate.swift in Sources */ = {isa = PBXBuildFile; fileRef = 741F769C210C030B0058BE77 /* AppDelegate.swift */; };
		741F769F210C030B0058BE77 /* ViewController.swift in Sources */ = {isa = PBXBuildFile; fileRef = 741F769E210C030B0058BE77 /* ViewController.swift */; };
		741F76A2210C030B0058BE77 /* Main.storyboard in Resources */ = {isa = PBXBuildFile; fileRef = 741F76A0210C030B0058BE77 /* Main.storyboard */; };
		741F76A4210C030D0058BE77 /* Assets.xcassets in Resources */ = {isa = PBXBuildFile; fileRef = 741F76A3210C030D0058BE77 /* Assets.xcassets */; };
		741F76A7210C030D0058BE77 /* LaunchScreen.storyboard in Resources */ = {isa = PBXBuildFile; fileRef = 741F76A5210C030D0058BE77 /* LaunchScreen.storyboard */; };
		741F76B2210C030D0058BE77 /* TODOTests.swift in Sources */ = {isa = PBXBuildFile; fileRef = 741F76B1210C030D0058BE77 /* TODOTests.swift */; };
		741F76BD210C030D0058BE77 /* TODOUITests.swift in Sources */ = {isa = PBXBuildFile; fileRef = 741F76BC210C030D0058BE77 /* TODOUITests.swift */; };
/* End PBXBuildFile section */

/* Begin PBXContainerItemProxy section */
		741F76AE210C030D0058BE77 /* PBXContainerItemProxy */ = {
			isa = PBXContainerItemProxy;
			containerPortal = 741F7691210C030A0058BE77 /* Project object */;
			proxyType = 1;
			remoteGlobalIDString = 741F7698210C030B0058BE77;
			remoteInfo = TODO;
		};
		741F76B9210C030D0058BE77 /* PBXContainerItemProxy */ = {
			isa = PBXContainerItemProxy;
			containerPortal = 741F7691210C030A0058BE77 /* Project object */;
			proxyType = 1;
			remoteGlobalIDString = 741F7698210C030B0058BE77;
			remoteInfo = TODO;
		};
/* End PBXContainerItemProxy section */

/* Begin PBXFileReference section */
		741F7699210C030B0058BE77 /* TODO.app */ = {isa = PBXFileReference; explicitFileType = wrapper.application; includeInIndex = 0; path = TODO.app; sourceTree = BUILT_PRODUCTS_DIR; };
		741F769C210C030B0058BE77 /* AppDelegate.swift */ = {isa = PBXFileReference; lastKnownFileType = sourcecode.swift; path = AppDelegate.swift; sourceTree = "<group>"; };
		741F769E210C030B0058BE77 /* ViewController.swift */ = {isa = PBXFileReference; lastKnownFileType = sourcecode.swift; path = ViewController.swift; sourceTree = "<group>"; };
		741F76A1210C030B0058BE77 /* Base */ = {isa = PBXFileReference; lastKnownFileType = file.storyboard; name = Base; path = Base.lproj/Main.storyboard; sourceTree = "<group>"; };
		741F76A3210C030D0058BE77 /* Assets.xcassets */ = {isa = PBXFileReference; lastKnownFileType = folder.assetcatalog; path = Assets.xcassets; sourceTree = "<group>"; };
		741F76A6210C030D0058BE77 /* Base */ = {isa = PBXFileReference; lastKnownFileType = file.storyboard; name = Base; path = Base.lproj/LaunchScreen.storyboard; sourceTree = "<group>"; };
		741F76A8210C030D0058BE77 /* Info.plist */ = {isa = PBXFileReference; lastKnownFileType = text.plist.xml; path = Info.plist; sourceTree = "<group>"; };
		741F76AD210C030D0058BE77 /* TODOTests.xctest */ = {isa = PBXFileReference; explicitFileType = wrapper.cfbundle; includeInIndex = 0; path = TODOTests.xctest; sourceTree = BUILT_PRODUCTS_DIR; };
		741F76B1210C030D0058BE77 /* TODOTests.swift */ = {isa = PBXFileReference; lastKnownFileType = sourcecode.swift; path = TODOTests.swift; sourceTree = "<group>"; };
		741F76B3210C030D0058BE77 /* Info.plist */ = {isa = PBXFileReference; lastKnownFileType = text.plist.xml; path = Info.plist; sourceTree = "<group>"; };
		741F76B8210C030D0058BE77 /* TODOUITests.xctest */ = {isa = PBXFileReference; explicitFileType = wrapper.cfbundle; includeInIndex = 0; path = TODOUITests.xctest; sourceTree = BUILT_PRODUCTS_DIR; };
		741F76BC210C030D0058BE77 /* TODOUITests.swift */ = {isa = PBXFileReference; lastKnownFileType = sourcecode.swift; path = TODOUITests.swift; sourceTree = "<group>"; };
		741F76BE210C030D0058BE77 /* Info.plist */ = {isa = PBXFileReference; lastKnownFileType = text.plist.xml; path = Info.plist; sourceTree = "<group>"; };
/* End PBXFileReference section */

/* Begin PBXFrameworksBuildPhase section */
		741F7696210C030B0058BE77 /* Frameworks */ = {
			isa = PBXFrameworksBuildPhase;
			buildActionMask = 2147483647;
			files = (
			);
			runOnlyForDeploymentPostprocessing = 0;
		};
		741F76AA210C030D0058BE77 /* Frameworks */ = {
			isa = PBXFrameworksBuildPhase;
			buildActionMask = 2147483647;
			files = (
			);
			runOnlyForDeploymentPostprocessing = 0;
		};
		741F76B5210C030D0058BE77 /* Frameworks */ = {
			isa = PBXFrameworksBuildPhase;
			buildActionMask = 2147483647;
			files = (
			);
			runOnlyForDeploymentPostprocessing = 0;
		};
/* End PBXFrameworksBuildPhase section */

/* Begin PBXGroup section */
		741F7690210C030A0058BE77 = {
			isa = PBXGroup;
			children = (
				741F769B210C030B0058BE77 /* TODO */,
				741F76B0210C030D0058BE77 /* TODOTests */,
				741F76BB210C030D0058BE77 /* TODOUITests */,
				741F769A210C030B0058BE77 /* Products */,
			);
			sourceTree = "<group>";
		};
		741F769A210C030B0058BE77 /* Products */ = {
			isa = PBXGroup;
			children = (
				741F7699210C030B0058BE77 /* TODO.app */,
				741F76AD210C030D0058BE77 /* TODOTests.xctest */,
				741F76B8210C030D0058BE77 /* TODOUITests.xctest */,
			);
			name = Products;
			sourceTree = "<group>";
		};
		741F769B210C030B0058BE77 /* TODO */ = {
			isa = PBXGroup;
			children = (
				741F769C210C030B0058BE77 /* AppDelegate.swift */,
				741F769E210C030B0058BE77 /* ViewController.swift */,
				741F76A0210C030B0058BE77 /* Main.storyboard */,
				741F76A3210C030D0058BE77 /* Assets.xcassets */,
				741F76A5210C030D0058BE77 /* LaunchScreen.storyboard */,
				741F76A8210C030D0058BE77 /* Info.plist */,
			);
			path = TODO;
			sourceTree = "<group>";
		};
		741F76B0210C030D0058BE77 /* TODOTests */ = {
			isa = PBXGroup;
			children = (
				741F76B1210C030D0058BE77 /* TODOTests.swift */,
				741F76B3210C030D0058BE77 /* Info.plist */,
			);
			path = TODOTests;
			sourceTree = "<group>";
		};
		741F76BB210C030D0058BE77 /* TODOUITests */ = {
			isa = PBXGroup;
			children = (
				741F76BC210C030D0058BE77 /* TODOUITests.swift */,
				741F76BE210C030D0058BE77 /* Info.plist */,
			);
			path = TODOUITests;
			sourceTree = "<group>";
		};
/* End PBXGroup section */

/* Begin PBXNativeTarget section */
		741F7698210C030B0058BE77 /* TODO */ = {
			isa = PBXNativeTarget;
			buildConfigurationList = 741F76C1210C030D0058BE77 /* Build configuration list for PBXNativeTarget "TODO" */;
			buildPhases = (
				741F7695210C030B0058BE77 /* Sources */,
				741F7696210C030B0058BE77 /* Frameworks */,
				741F7697210C030B0058BE77 /* Resources */,
			);
			buildRules = (
			);
			dependencies = (
			);
			name = TODO;
			productName = TODO;
			productReference = 741F7699210C030B0058BE77 /* TODO.app */;
			productType = "com.apple.product-type.application";
		};
		741F76AC210C030D0058BE77 /* TODOTests */ = {
			isa = PBXNativeTarget;
			buildConfigurationList = 741F76C4210C030D0058BE77 /* Build configuration list for PBXNativeTarget "TODOTests" */;
			buildPhases = (
				741F76A9210C030D0058BE77 /* Sources */,
				741F76AA210C030D0058BE77 /* Frameworks */,
				741F76AB210C030D0058BE77 /* Resources */,
			);
			buildRules = (
			);
			dependencies = (
				741F76AF210C030D0058BE77 /* PBXTargetDependency */,
			);
			name = TODOTests;
			productName = TODOTests;
			productReference = 741F76AD210C030D0058BE77 /* TODOTests.xctest */;
			productType = "com.apple.product-type.bundle.unit-test";
		};
		741F76B7210C030D0058BE77 /* TODOUITests */ = {
			isa = PBXNativeTarget;
			buildConfigurationList = 741F76C7210C030D0058BE77 /* Build configuration list for PBXNativeTarget "TODOUITests" */;
			buildPhases = (
				741F76B4210C030D0058BE77 /* Sources */,
				741F76B5210C030D0058BE77 /* Frameworks */,
				741F76B6210C030D0058BE77 /* Resources */,
			);
			buildRules = (
			);
			dependencies = (
				741F76BA210C030D0058BE77 /* PBXTargetDependency */,
			);
			name = TODOUITests;
			productName = TODOUITests;
			productReference = 741F76B8210C030D0058BE77 /* TODOUITests.xctest */;
			productType = "com.apple.product-type.bundle.ui-testing";
		};
/* End PBXNativeTarget section */

/* Begin PBXProject section */
		741F7691210C030A0058BE77 /* Project object */ = {
			isa = PBXProject;
			attributes = {
				LastSwiftUpdateCheck = 0940;
				LastUpgradeCheck = 0940;
				ORGANIZATIONNAME = "松田勇樹";
				TargetAttributes = {
					741F7698210C030B0058BE77 = {
						CreatedOnToolsVersion = 9.4.1;
					};
					741F76AC210C030D0058BE77 = {
						CreatedOnToolsVersion = 9.4.1;
						TestTargetID = 741F7698210C030B0058BE77;
					};
					741F76B7210C030D0058BE77 = {
						CreatedOnToolsVersion = 9.4.1;
						TestTargetID = 741F7698210C030B0058BE77;
					};
				};
			};
			buildConfigurationList = 741F7694210C030A0058BE77 /* Build configuration list for PBXProject "TODO" */;
			compatibilityVersion = "Xcode 9.3";
			developmentRegion = en;
			hasScannedForEncodings = 0;
			knownRegions = (
				en,
				Base,
			);
			mainGroup = 741F7690210C030A0058BE77;
			productRefGroup = 741F769A210C030B0058BE77 /* Products */;
			projectDirPath = "";
			projectRoot = "";
			targets = (
				741F7698210C030B0058BE77 /* TODO */,
				741F76AC210C030D0058BE77 /* TODOTests */,
				741F76B7210C030D0058BE77 /* TODOUITests */,
			);
		};
/* End PBXProject section */

/* Begin PBXResourcesBuildPhase section */
		741F7697210C030B0058BE77 /* Resources */ = {
			isa = PBXResourcesBuildPhase;
			buildActionMask = 2147483647;
			files = (
				741F76A7210C030D0058BE77 /* LaunchScreen.storyboard in Resources */,
				741F76A4210C030D0058BE77 /* Assets.xcassets in Resources */,
				741F76A2210C030B0058BE77 /* Main.storyboard in Resources */,
			);
			runOnlyForDeploymentPostprocessing = 0;
		};
		741F76AB210C030D0058BE77 /* Resources */ = {
			isa = PBXResourcesBuildPhase;
			buildActionMask = 2147483647;
			files = (
			);
			runOnlyForDeploymentPostprocessing = 0;
		};
		741F76B6210C030D0058BE77 /* Resources */ = {
			isa = PBXResourcesBuildPhase;
			buildActionMask = 2147483647;
			files = (
			);
			runOnlyForDeploymentPostprocessing = 0;
		};
/* End PBXResourcesBuildPhase section */

/* Begin PBXSourcesBuildPhase section */
		741F7695210C030B0058BE77 /* Sources */ = {
			isa = PBXSourcesBuildPhase;
			buildActionMask = 2147483647;
			files = (
				741F769F210C030B0058BE77 /* ViewController.swift in Sources */,
				741F769D210C030B0058BE77 /* AppDelegate.swift in Sources */,
			);
			runOnlyForDeploymentPostprocessing = 0;
		};
		741F76A9210C030D0058BE77 /* Sources */ = {
			isa = PBXSourcesBuildPhase;
			buildActionMask = 2147483647;
			files = (
				741F76B2210C030D0058BE77 /* TODOTests.swift in Sources */,
			);
			runOnlyForDeploymentPostprocessing = 0;
		};
		741F76B4210C030D0058BE77 /* Sources */ = {
			isa = PBXSourcesBuildPhase;
			buildActionMask = 2147483647;
			files = (
				741F76BD210C030D0058BE77 /* TODOUITests.swift in Sources */,
			);
			runOnlyForDeploymentPostprocessing = 0;
		};
/* End PBXSourcesBuildPhase section */

/* Begin PBXTargetDependency section */
		741F76AF210C030D0058BE77 /* PBXTargetDependency */ = {
			isa = PBXTargetDependency;
			target = 741F7698210C030B0058BE77 /* TODO */;
			targetProxy = 741F76AE210C030D0058BE77 /* PBXContainerItemProxy */;
		};
		741F76BA210C030D0058BE77 /* PBXTargetDependency */ = {
			isa = PBXTargetDependency;
			target = 741F7698210C030B0058BE77 /* TODO */;
			targetProxy = 741F76B9210C030D0058BE77 /* PBXContainerItemProxy */;
		};
/* End PBXTargetDependency section */

/* Begin PBXVariantGroup section */
		741F76A0210C030B0058BE77 /* Main.storyboard */ = {
			isa = PBXVariantGroup;
			children = (
				741F76A1210C030B0058BE77 /* Base */,
			);
			name = Main.storyboard;
			sourceTree = "<group>";
		};
		741F76A5210C030D0058BE77 /* LaunchScreen.storyboard */ = {
			isa = PBXVariantGroup;
			children = (
				741F76A6210C030D0058BE77 /* Base */,
			);
			name = LaunchScreen.storyboard;
			sourceTree = "<group>";
		};
/* End PBXVariantGroup section */

/* Begin XCBuildConfiguration section */
		741F76BF210C030D0058BE77 /* Debug */ = {
			isa = XCBuildConfiguration;
			buildSettings = {
				ALWAYS_SEARCH_USER_PATHS = NO;
				CLANG_ANALYZER_NONNULL = YES;
				CLANG_ANALYZER_NUMBER_OBJECT_CONVERSION = YES_AGGRESSIVE;
				CLANG_CXX_LANGUAGE_STANDARD = "gnu++14";
				CLANG_CXX_LIBRARY = "libc++";
				CLANG_ENABLE_MODULES = YES;
				CLANG_ENABLE_OBJC_ARC = YES;
				CLANG_ENABLE_OBJC_WEAK = YES;
				CLANG_WARN_BLOCK_CAPTURE_AUTORELEASING = YES;
				CLANG_WARN_BOOL_CONVERSION = YES;
				CLANG_WARN_COMMA = YES;
				CLANG_WARN_CONSTANT_CONVERSION = YES;
				CLANG_WARN_DEPRECATED_OBJC_IMPLEMENTATIONS = YES;
				CLANG_WARN_DIRECT_OBJC_ISA_USAGE = YES_ERROR;
				CLANG_WARN_DOCUMENTATION_COMMENTS = YES;
				CLANG_WARN_EMPTY_BODY = YES;
				CLANG_WARN_ENUM_CONVERSION = YES;
				CLANG_WARN_INFINITE_RECURSION = YES;
				CLANG_WARN_INT_CONVERSION = YES;
				CLANG_WARN_NON_LITERAL_NULL_CONVERSION = YES;
				CLANG_WARN_OBJC_IMPLICIT_RETAIN_SELF = YES;
				CLANG_WARN_OBJC_LITERAL_CONVERSION = YES;
				CLANG_WARN_OBJC_ROOT_CLASS = YES_ERROR;
				CLANG_WARN_RANGE_LOOP_ANALYSIS = YES;
				CLANG_WARN_STRICT_PROTOTYPES = YES;
				CLANG_WARN_SUSPICIOUS_MOVE = YES;
				CLANG_WARN_UNGUARDED_AVAILABILITY = YES_AGGRESSIVE;
				CLANG_WARN_UNREACHABLE_CODE = YES;
				CLANG_WARN__DUPLICATE_METHOD_MATCH = YES;
				CODE_SIGN_IDENTITY = "iPhone Developer";
				COPY_PHASE_STRIP = NO;
				DEBUG_INFORMATION_FORMAT = dwarf;
				ENABLE_STRICT_OBJC_MSGSEND = YES;
				ENABLE_TESTABILITY = YES;
				GCC_C_LANGUAGE_STANDARD = gnu11;
				GCC_DYNAMIC_NO_PIC = NO;
				GCC_NO_COMMON_BLOCKS = YES;
				GCC_OPTIMIZATION_LEVEL = 0;
				GCC_PREPROCESSOR_DEFINITIONS = (
					"DEBUG=1",
					"$(inherited)",
				);
				GCC_WARN_64_TO_32_BIT_CONVERSION = YES;
				GCC_WARN_ABOUT_RETURN_TYPE = YES_ERROR;
				GCC_WARN_UNDECLARED_SELECTOR = YES;
				GCC_WARN_UNINITIALIZED_AUTOS = YES_AGGRESSIVE;
				GCC_WARN_UNUSED_FUNCTION = YES;
				GCC_WARN_UNUSED_VARIABLE = YES;
				IPHONEOS_DEPLOYMENT_TARGET = 11.4;
				MTL_ENABLE_DEBUG_INFO = YES;
				ONLY_ACTIVE_ARCH = YES;
				SDKROOT = iphoneos;
				SWIFT_ACTIVE_COMPILATION_CONDITIONS = DEBUG;
				SWIFT_OPTIMIZATION_LEVEL = "-Onone";
			};
			name = Debug;
		};
		741F76C0210C030D0058BE77 /* Release */ = {
			isa = XCBuildConfiguration;
			buildSettings = {
				ALWAYS_SEARCH_USER_PATHS = NO;
				CLANG_ANALYZER_NONNULL = YES;
				CLANG_ANALYZER_NUMBER_OBJECT_CONVERSION = YES_AGGRESSIVE;
				CLANG_CXX_LANGUAGE_STANDARD = "gnu++14";
				CLANG_CXX_LIBRARY = "libc++";
				CLANG_ENABLE_MODULES = YES;
				CLANG_ENABLE_OBJC_ARC = YES;
				CLANG_ENABLE_OBJC_WEAK = YES;
				CLANG_WARN_BLOCK_CAPTURE_AUTORELEASING = YES;
				CLANG_WARN_BOOL_CONVERSION = YES;
				CLANG_WARN_COMMA = YES;
				CLANG_WARN_CONSTANT_CONVERSION = YES;
				CLANG_WARN_DEPRECATED_OBJC_IMPLEMENTATIONS = YES;
				CLANG_WARN_DIRECT_OBJC_ISA_USAGE = YES_ERROR;
				CLANG_WARN_DOCUMENTATION_COMMENTS = YES;
				CLANG_WARN_EMPTY_BODY = YES;
				CLANG_WARN_ENUM_CONVERSION = YES;
				CLANG_WARN_INFINITE_RECURSION = YES;
				CLANG_WARN_INT_CONVERSION = YES;
				CLANG_WARN_NON_LITERAL_NULL_CONVERSION = YES;
				CLANG_WARN_OBJC_IMPLICIT_RETAIN_SELF = YES;
				CLANG_WARN_OBJC_LITERAL_CONVERSION = YES;
				CLANG_WARN_OBJC_ROOT_CLASS = YES_ERROR;
				CLANG_WARN_RANGE_LOOP_ANALYSIS = YES;
				CLANG_WARN_STRICT_PROTOTYPES = YES;
				CLANG_WARN_SUSPICIOUS_MOVE = YES;
				CLANG_WARN_UNGUARDED_AVAILABILITY = YES_AGGRESSIVE;
				CLANG_WARN_UNREACHABLE_CODE = YES;
				CLANG_WARN__DUPLICATE_METHOD_MATCH = YES;
				CODE_SIGN_IDENTITY = "iPhone Developer";
				COPY_PHASE_STRIP = NO;
				DEBUG_INFORMATION_FORMAT = "dwarf-with-dsym";
				ENABLE_NS_ASSERTIONS = NO;
				ENABLE_STRICT_OBJC_MSGSEND = YES;
				GCC_C_LANGUAGE_STANDARD = gnu11;
				GCC_NO_COMMON_BLOCKS = YES;
				GCC_WARN_64_TO_32_BIT_CONVERSION = YES;
				GCC_WARN_ABOUT_RETURN_TYPE = YES_ERROR;
				GCC_WARN_UNDECLARED_SELECTOR = YES;
				GCC_WARN_UNINITIALIZED_AUTOS = YES_AGGRESSIVE;
				GCC_WARN_UNUSED_FUNCTION = YES;
				GCC_WARN_UNUSED_VARIABLE = YES;
				IPHONEOS_DEPLOYMENT_TARGET = 11.4;
				MTL_ENABLE_DEBUG_INFO = NO;
				SDKROOT = iphoneos;
				SWIFT_COMPILATION_MODE = wholemodule;
				SWIFT_OPTIMIZATION_LEVEL = "-O";
				VALIDATE_PRODUCT = YES;
			};
			name = Release;
		};
		741F76C2210C030D0058BE77 /* Debug */ = {
			isa = XCBuildConfiguration;
			buildSettings = {
				ASSETCATALOG_COMPILER_APPICON_NAME = AppIcon;
				CODE_SIGN_STYLE = Automatic;
				INFOPLIST_FILE = TODO/Info.plist;
				LD_RUNPATH_SEARCH_PATHS = (
					"$(inherited)",
					"@executable_path/Frameworks",
				);
				PRODUCT_BUNDLE_IDENTIFIER = com.litech.TODO;
				PRODUCT_NAME = "$(TARGET_NAME)";
				SWIFT_VERSION = 4.0;
				TARGETED_DEVICE_FAMILY = "1,2";
			};
			name = Debug;
		};
		741F76C3210C030D0058BE77 /* Release */ = {
			isa = XCBuildConfiguration;
			buildSettings = {
				ASSETCATALOG_COMPILER_APPICON_NAME = AppIcon;
				CODE_SIGN_STYLE = Automatic;
				INFOPLIST_FILE = TODO/Info.plist;
				LD_RUNPATH_SEARCH_PATHS = (
					"$(inherited)",
					"@executable_path/Frameworks",
				);
				PRODUCT_BUNDLE_IDENTIFIER = com.litech.TODO;
				PRODUCT_NAME = "$(TARGET_NAME)";
				SWIFT_VERSION = 4.0;
				TARGETED_DEVICE_FAMILY = "1,2";
			};
			name = Release;
		};
		741F76C5210C030D0058BE77 /* Debug */ = {
			isa = XCBuildConfiguration;
			buildSettings = {
				ALWAYS_EMBED_SWIFT_STANDARD_LIBRARIES = YES;
				BUNDLE_LOADER = "$(TEST_HOST)";
				CODE_SIGN_STYLE = Automatic;
				INFOPLIST_FILE = TODOTests/Info.plist;
				LD_RUNPATH_SEARCH_PATHS = (
					"$(inherited)",
					"@executable_path/Frameworks",
					"@loader_path/Frameworks",
				);
				PRODUCT_BUNDLE_IDENTIFIER = com.litech.TODOTests;
				PRODUCT_NAME = "$(TARGET_NAME)";
				SWIFT_VERSION = 4.0;
				TARGETED_DEVICE_FAMILY = "1,2";
				TEST_HOST = "$(BUILT_PRODUCTS_DIR)/TODO.app/TODO";
			};
			name = Debug;
		};
		741F76C6210C030D0058BE77 /* Release */ = {
			isa = XCBuildConfiguration;
			buildSettings = {
				ALWAYS_EMBED_SWIFT_STANDARD_LIBRARIES = YES;
				BUNDLE_LOADER = "$(TEST_HOST)";
				CODE_SIGN_STYLE = Automatic;
				INFOPLIST_FILE = TODOTests/Info.plist;
				LD_RUNPATH_SEARCH_PATHS = (
					"$(inherited)",
					"@executable_path/Frameworks",
					"@loader_path/Frameworks",
				);
				PRODUCT_BUNDLE_IDENTIFIER = com.litech.TODOTests;
				PRODUCT_NAME = "$(TARGET_NAME)";
				SWIFT_VERSION = 4.0;
				TARGETED_DEVICE_FAMILY = "1,2";
				TEST_HOST = "$(BUILT_PRODUCTS_DIR)/TODO.app/TODO";
			};
			name = Release;
		};
		741F76C8210C030D0058BE77 /* Debug */ = {
			isa = XCBuildConfiguration;
			buildSettings = {
				ALWAYS_EMBED_SWIFT_STANDARD_LIBRARIES = YES;
				CODE_SIGN_STYLE = Automatic;
				INFOPLIST_FILE = TODOUITests/Info.plist;
				LD_RUNPATH_SEARCH_PATHS = (
					"$(inherited)",
					"@executable_path/Frameworks",
					"@loader_path/Frameworks",
				);
				PRODUCT_BUNDLE_IDENTIFIER = com.litech.TODOUITests;
				PRODUCT_NAME = "$(TARGET_NAME)";
				SWIFT_VERSION = 4.0;
				TARGETED_DEVICE_FAMILY = "1,2";
				TEST_TARGET_NAME = TODO;
			};
			name = Debug;
		};
		741F76C9210C030D0058BE77 /* Release */ = {
			isa = XCBuildConfiguration;
			buildSettings = {
				ALWAYS_EMBED_SWIFT_STANDARD_LIBRARIES = YES;
				CODE_SIGN_STYLE = Automatic;
				INFOPLIST_FILE = TODOUITests/Info.plist;
				LD_RUNPATH_SEARCH_PATHS = (
					"$(inherited)",
					"@executable_path/Frameworks",
					"@loader_path/Frameworks",
				);
				PRODUCT_BUNDLE_IDENTIFIER = com.litech.TODOUITests;
				PRODUCT_NAME = "$(TARGET_NAME)";
				SWIFT_VERSION = 4.0;
				TARGETED_DEVICE_FAMILY = "1,2";
				TEST_TARGET_NAME = TODO;
			};
			name = Release;
		};
/* End XCBuildConfiguration section */

/* Begin XCConfigurationList section */
		741F7694210C030A0058BE77 /* Build configuration list for PBXProject "TODO" */ = {
			isa = XCConfigurationList;
			buildConfigurations = (
				741F76BF210C030D0058BE77 /* Debug */,
				741F76C0210C030D0058BE77 /* Release */,
			);
			defaultConfigurationIsVisible = 0;
			defaultConfigurationName = Release;
		};
		741F76C1210C030D0058BE77 /* Build configuration list for PBXNativeTarget "TODO" */ = {
			isa = XCConfigurationList;
			buildConfigurations = (
				741F76C2210C030D0058BE77 /* Debug */,
				741F76C3210C030D0058BE77 /* Release */,
			);
			defaultConfigurationIsVisible = 0;
			defaultConfigurationName = Release;
		};
		741F76C4210C030D0058BE77 /* Build configuration list for PBXNativeTarget "TODOTests" */ = {
			isa = XCConfigurationList;
			buildConfigurations = (
				741F76C5210C030D0058BE77 /* Debug */,
				741F76C6210C030D0058BE77 /* Release */,
			);
			defaultConfigurationIsVisible = 0;
			defaultConfigurationName = Release;
		};
		741F76C7210C030D0058BE77 /* Build configuration list for PBXNativeTarget "TODOUITests" */ = {
			isa = XCConfigurationList;
			buildConfigurations = (
				741F76C8210C030D0058BE77 /* Debug */,
				741F76C9210C030D0058BE77 /* Release */,
			);
			defaultConfigurationIsVisible = 0;
			defaultConfigurationName = Release;
		};
/* End XCConfigurationList section */
	};
	rootObject = 741F7691210C030A0058BE77 /* Project object */;
}
